
Microsoft Visual Studio Solution File, Format Version 12.00
# Visual Studio 2012
Project("{888888A0-9F3D-457C-B088-3A5042F75D52}") = "KiSim", "KiSim.pyproj", "{8AF780AD-8201-474D-A517-ABF71F108F56}"
EndProject
Global
	GlobalSection(SolutionConfigurationPlatforms) = preSolution
		Debug|Any CPU = Debug|Any CPU
		Release|Any CPU = Release|Any CPU
	EndGlobalSection
	GlobalSection(ProjectConfigurationPlatforms) = postSolution
		{8AF780AD-8201-474D-A517-ABF71F108F56}.Debug|Any CPU.ActiveCfg = Debug|Any CPU
		{8AF780AD-8201-474D-A517-ABF71F108F56}.Debug|Any CPU.Build.0 = Debug|Any CPU
		{8AF780AD-8201-474D-A517-ABF71F108F56}.Release|Any CPU.ActiveCfg = Release|Any CPU
		{8AF780AD-8201-474D-A517-ABF71F108F56}.Release|Any CPU.Build.0 = Release|Any CPU
	EndGlobalSection
	GlobalSection(SolutionProperties) = preSolution
		HideSolutionNode = FALSE
	EndGlobalSection
EndGlobal
